
Microsoft Visual Studio Solution File, Format Version 12.00
# Visual Studio Version 17
VisualStudioVersion = 17.4.33213.308
MinimumVisualStudioVersion = 10.0.40219.1
Project("{FAE04EC0-301F-11D3-BF4B-00C04F79EFBC}") = "PrivateMultipleObjects", "PrivateMultipleObjects\PrivateMultipleObjects.csproj", "{A50BEACB-63A3-493C-9966-CB12D65C0510}"
EndProject
Global
	GlobalSection(SolutionConfigurationPlatforms) = preSolution
		Debug|Any CPU = Debug|Any CPU
		Release|Any CPU = Release|Any CPU
	EndGlobalSection
	GlobalSection(ProjectConfigurationPlatforms) = postSolution
		{A50BEACB-63A3-493C-9966-CB12D65C0510}.Debug|Any CPU.ActiveCfg = Debug|Any CPU
		{A50BEACB-63A3-493C-9966-CB12D65C0510}.Debug|Any CPU.Build.0 = Debug|Any CPU
		{A50BEACB-63A3-493C-9966-CB12D65C0510}.Release|Any CPU.ActiveCfg = Release|Any CPU
		{A50BEACB-63A3-493C-9966-CB12D65C0510}.Release|Any CPU.Build.0 = Release|Any CPU
	EndGlobalSection
	GlobalSection(SolutionProperties) = preSolution
		HideSolutionNode = FALSE
	EndGlobalSection
	GlobalSection(ExtensibilityGlobals) = postSolution
		SolutionGuid = {5B88D9F7-470A-4ECC-AE78-74D8D31ABBCD}
	EndGlobalSection
EndGlobal
